DEPENDENCIES
  chef-sugar (~> 3.0.1)
  elasticsearch
  java
  kibana_lwrp
    git: https://github.com/lusis/chef-kibana.git
    revision: 77a828bd3d04a8e79064e913397dc7685132d9a3
  libarchive (~> 0.4.4)

GRAPH
  7-zip (1.0.2)
    windows (>= 1.2.2)
  apache2 (3.0.1)
    iptables (>= 0.0.0)
    logrotate (>= 0.0.0)
  apt (2.7.0)
  ark (0.9.0)
    7-zip (>= 0.0.0)
    windows (>= 0.0.0)
  bluepill (2.3.1)
    rsyslog (>= 0.0.0)
  build-essential (2.2.2)
  chef-sugar (3.0.1)
  chef_handler (1.1.6)
  dmg (2.2.2)
  elasticsearch (0.3.13)
    ark (>= 0.2.4)
    build-essential (>= 0.0.0)
    java (>= 0.0.0)
    monit (>= 0.0.0)
    xml (>= 0.0.0)
  git (4.1.0)
    build-essential (>= 0.0.0)
    dmg (>= 0.0.0)
    runit (>= 1.0)
    windows (>= 0.0.0)
    yum (~> 3.0)
    yum-epel (>= 0.0.0)
  iptables (1.0.0)
  java (1.31.0)
  kibana_lwrp (2.0.4)
    apache2 (>= 0.0.0)
    ark (>= 0.0.0)
    git (>= 0.0.0)
    java (>= 0.0.0)
    libarchive (>= 0.0.0)
    nginx (>= 0.0.0)
    poise (>= 0.0.0)
    runit (>= 0.0.0)
  libarchive (0.4.4)
    apt (~> 2.5)
    build-essential (~> 2.0)
  logrotate (1.9.1)
  monit (0.7.5)
  nginx (2.7.6)
    apt (~> 2.2)
    bluepill (~> 2.3)
    build-essential (~> 2.0)
    ohai (~> 2.0)
    runit (~> 1.2)
    yum-epel (~> 0.3)
  ohai (2.0.1)
  poise (1.0.12)
  rsyslog (1.15.0)
  runit (1.5.18)
    build-essential (>= 0.0.0)
    yum (~> 3.0)
    yum-epel (>= 0.0.0)
  windows (1.36.6)
    chef_handler (>= 0.0.0)
  xml (1.2.13)
    build-essential (>= 0.0.0)
    chef-sugar (>= 0.0.0)
  yum (3.5.3)
  yum-epel (0.6.0)
    yum (~> 3.0)
